
Microsoft Visual Studio Solution File, Format Version 12.00
# Visual Studio Version 16
VisualStudioVersion = 16.0.33214.272
MinimumVisualStudioVersion = 10.0.40219.1
Project("{8BC9CEB8-8B4A-11D0-8D11-00A0C91BC942}") = "Tema11-EstructuraRepetitivaDoWhile", "Tema11-EstructuraRepetitivaDoWhile.vcxproj", "{80F6C4B4-372E-46C8-82F2-49A9E3176EAB}"
EndProject
Global
	GlobalSection(SolutionConfigurationPlatforms) = preSolution
		Debug|x64 = Debug|x64
		Debug|x86 = Debug|x86
		Release|x64 = Release|x64
		Release|x86 = Release|x86
	EndGlobalSection
	GlobalSection(ProjectConfigurationPlatforms) = postSolution
		{80F6C4B4-372E-46C8-82F2-49A9E3176EAB}.Debug|x64.ActiveCfg = Debug|x64
		{80F6C4B4-372E-46C8-82F2-49A9E3176EAB}.Debug|x64.Build.0 = Debug|x64
		{80F6C4B4-372E-46C8-82F2-49A9E3176EAB}.Debug|x86.ActiveCfg = Debug|Win32
		{80F6C4B4-372E-46C8-82F2-49A9E3176EAB}.Debug|x86.Build.0 = Debug|Win32
		{80F6C4B4-372E-46C8-82F2-49A9E3176EAB}.Release|x64.ActiveCfg = Release|x64
		{80F6C4B4-372E-46C8-82F2-49A9E3176EAB}.Release|x64.Build.0 = Release|x64
		{80F6C4B4-372E-46C8-82F2-49A9E3176EAB}.Release|x86.ActiveCfg = Release|Win32
		{80F6C4B4-372E-46C8-82F2-49A9E3176EAB}.Release|x86.Build.0 = Release|Win32
	EndGlobalSection
	GlobalSection(SolutionProperties) = preSolution
		HideSolutionNode = FALSE
	EndGlobalSection
	GlobalSection(ExtensibilityGlobals) = postSolution
		SolutionGuid = {39A77E99-9C72-4C9F-88C8-AD4B9BD1706A}
	EndGlobalSection
EndGlobal
